
Microsoft Visual Studio Solution File, Format Version 12.00
# Visual Studio Version 16
VisualStudioVersion = 16.0.30804.86
MinimumVisualStudioVersion = 10.0.40219.1
Project("{8BC9CEB8-8B4A-11D0-8D11-00A0C91BC942}") = "3d312-02-pantalla-color", "3d312-02-pantalla-color.vcxproj", "{640DDF6B-15FB-4F60-BC81-031E6C001356}"
EndProject
Global
	GlobalSection(SolutionConfigurationPlatforms) = preSolution
		Debug|x64 = Debug|x64
		Debug|x86 = Debug|x86
		Release|x64 = Release|x64
		Release|x86 = Release|x86
	EndGlobalSection
	GlobalSection(ProjectConfigurationPlatforms) = postSolution
		{640DDF6B-15FB-4F60-BC81-031E6C001356}.Debug|x64.ActiveCfg = Debug|x64
		{640DDF6B-15FB-4F60-BC81-031E6C001356}.Debug|x64.Build.0 = Debug|x64
		{640DDF6B-15FB-4F60-BC81-031E6C001356}.Debug|x86.ActiveCfg = Debug|Win32
		{640DDF6B-15FB-4F60-BC81-031E6C001356}.Debug|x86.Build.0 = Debug|Win32
		{640DDF6B-15FB-4F60-BC81-031E6C001356}.Release|x64.ActiveCfg = Release|x64
		{640DDF6B-15FB-4F60-BC81-031E6C001356}.Release|x64.Build.0 = Release|x64
		{640DDF6B-15FB-4F60-BC81-031E6C001356}.Release|x86.ActiveCfg = Release|Win32
		{640DDF6B-15FB-4F60-BC81-031E6C001356}.Release|x86.Build.0 = Release|Win32
	EndGlobalSection
	GlobalSection(SolutionProperties) = preSolution
		HideSolutionNode = FALSE
	EndGlobalSection
	GlobalSection(ExtensibilityGlobals) = postSolution
		SolutionGuid = {715E2E9E-1307-4C1E-AB15-020FB7B91011}
	EndGlobalSection
EndGlobal
